
Microsoft Visual Studio Solution File, Format Version 12.00
# Visual Studio Version 17
VisualStudioVersion = 17.8.34511.84
MinimumVisualStudioVersion = 10.0.40219.1
Project("{FAE04EC0-301F-11D3-BF4B-00C04F79EFBC}") = "StringToInteger", "StringToInteger.csproj", "{A16E7759-626C-441E-AB53-FEF1F57238F1}"
EndProject
Global
	GlobalSection(SolutionConfigurationPlatforms) = preSolution
		Debug|Any CPU = Debug|Any CPU
		Release|Any CPU = Release|Any CPU
	EndGlobalSection
	GlobalSection(ProjectConfigurationPlatforms) = postSolution
		{A16E7759-626C-441E-AB53-FEF1F57238F1}.Debug|Any CPU.ActiveCfg = Debug|Any CPU
		{A16E7759-626C-441E-AB53-FEF1F57238F1}.Debug|Any CPU.Build.0 = Debug|Any CPU
		{A16E7759-626C-441E-AB53-FEF1F57238F1}.Release|Any CPU.ActiveCfg = Release|Any CPU
		{A16E7759-626C-441E-AB53-FEF1F57238F1}.Release|Any CPU.Build.0 = Release|Any CPU
	EndGlobalSection
	GlobalSection(SolutionProperties) = preSolution
		HideSolutionNode = FALSE
	EndGlobalSection
	GlobalSection(ExtensibilityGlobals) = postSolution
		SolutionGuid = {3AD05FFC-7C95-4DED-8C60-D97C4D38FF03}
	EndGlobalSection
EndGlobal
